
Microsoft Visual Studio Solution File, Format Version 12.00
# Visual Studio 15
VisualStudioVersion = 15.0.27428.2037
MinimumVisualStudioVersion = 10.0.40219.1
Project("{2150E333-8FDC-42A3-9474-1A3956D46DE8}") = "src", "src", "{A3DD0266-0244-4691-BABD-E9D91946DAA6}"
EndProject
Project("{2150E333-8FDC-42A3-9474-1A3956D46DE8}") = "tests", "tests", "{DB2CEBBA-19F4-42D5-8EBA-CCF37573DDC3}"
EndProject
Project("{9A19103F-16F7-4668-BE54-9A1E7A4F7556}") = "Protobuf.Schemas.Tests.Models", "tests\Protobuf.Schemas.Tests.Models\Protobuf.Schemas.Tests.Models.csproj", "{09EF21ED-A91F-48F7-B577-D5598FB837F7}"
EndProject
Project("{9A19103F-16F7-4668-BE54-9A1E7A4F7556}") = "Protobuf.Schemas.Tests", "tests\Protobuf.Schemas.Tests\Protobuf.Schemas.Tests.csproj", "{6DD58CD4-49FF-4CDB-AAF5-A4F0BA090779}"
EndProject
Project("{2150E333-8FDC-42A3-9474-1A3956D46DE8}") = "scripts", "scripts", "{3F3C8250-0EF3-4F7A-B2BC-EB74AB0B638E}"
	ProjectSection(SolutionItems) = preProject
		.travis.yml = .travis.yml
		build.cake = build.cake
		Build.ps1 = Build.ps1
		build.sh = build.sh
	EndProjectSection
EndProject
Project("{2150E333-8FDC-42A3-9474-1A3956D46DE8}") = "Solution Items", "Solution Items", "{765392C1-48A9-4F4D-BCE5-15CFE8AE46E2}"
	ProjectSection(SolutionItems) = preProject
		README.md = README.md
	EndProjectSection
EndProject
Project("{FAE04EC0-301F-11D3-BF4B-00C04F79EFBC}") = "Protobuff.Serializer.Tests", "tests\Protobuff.Serializer.Tests\Protobuff.Serializer.Tests.csproj", "{357B0128-8EFB-4C73-8899-852280148295}"
EndProject
Project("{9A19103F-16F7-4668-BE54-9A1E7A4F7556}") = "Serialization.Proto.Schemas", "src\Serialization.Proto.Schemas\Serialization.Proto.Schemas.csproj", "{7791B02F-A0A6-414E-BA78-08890A70EF4F}"
EndProject
Project("{9A19103F-16F7-4668-BE54-9A1E7A4F7556}") = "Serialization.Proto.Serializer", "src\Serialization.Proto.Serialization\Serialization.Proto.Serializer.csproj", "{0581D7DD-9FFD-42E5-AAF3-068663359699}"
EndProject
Global
	GlobalSection(SolutionConfigurationPlatforms) = preSolution
		Debug|Any CPU = Debug|Any CPU
		Release|Any CPU = Release|Any CPU
	EndGlobalSection
	GlobalSection(ProjectConfigurationPlatforms) = postSolution
		{09EF21ED-A91F-48F7-B577-D5598FB837F7}.Debug|Any CPU.ActiveCfg = Debug|Any CPU
		{09EF21ED-A91F-48F7-B577-D5598FB837F7}.Debug|Any CPU.Build.0 = Debug|Any CPU
		{09EF21ED-A91F-48F7-B577-D5598FB837F7}.Release|Any CPU.ActiveCfg = Release|Any CPU
		{09EF21ED-A91F-48F7-B577-D5598FB837F7}.Release|Any CPU.Build.0 = Release|Any CPU
		{6DD58CD4-49FF-4CDB-AAF5-A4F0BA090779}.Debug|Any CPU.ActiveCfg = Debug|Any CPU
		{6DD58CD4-49FF-4CDB-AAF5-A4F0BA090779}.Debug|Any CPU.Build.0 = Debug|Any CPU
		{6DD58CD4-49FF-4CDB-AAF5-A4F0BA090779}.Release|Any CPU.ActiveCfg = Release|Any CPU
		{6DD58CD4-49FF-4CDB-AAF5-A4F0BA090779}.Release|Any CPU.Build.0 = Release|Any CPU
		{357B0128-8EFB-4C73-8899-852280148295}.Debug|Any CPU.ActiveCfg = Debug|Any CPU
		{357B0128-8EFB-4C73-8899-852280148295}.Debug|Any CPU.Build.0 = Debug|Any CPU
		{357B0128-8EFB-4C73-8899-852280148295}.Release|Any CPU.ActiveCfg = Release|Any CPU
		{357B0128-8EFB-4C73-8899-852280148295}.Release|Any CPU.Build.0 = Release|Any CPU
		{7791B02F-A0A6-414E-BA78-08890A70EF4F}.Debug|Any CPU.ActiveCfg = Debug|Any CPU
		{7791B02F-A0A6-414E-BA78-08890A70EF4F}.Debug|Any CPU.Build.0 = Debug|Any CPU
		{7791B02F-A0A6-414E-BA78-08890A70EF4F}.Release|Any CPU.ActiveCfg = Release|Any CPU
		{7791B02F-A0A6-414E-BA78-08890A70EF4F}.Release|Any CPU.Build.0 = Release|Any CPU
		{0581D7DD-9FFD-42E5-AAF3-068663359699}.Debug|Any CPU.ActiveCfg = Debug|Any CPU
		{0581D7DD-9FFD-42E5-AAF3-068663359699}.Debug|Any CPU.Build.0 = Debug|Any CPU
		{0581D7DD-9FFD-42E5-AAF3-068663359699}.Release|Any CPU.ActiveCfg = Release|Any CPU
		{0581D7DD-9FFD-42E5-AAF3-068663359699}.Release|Any CPU.Build.0 = Release|Any CPU
	EndGlobalSection
	GlobalSection(SolutionProperties) = preSolution
		HideSolutionNode = FALSE
	EndGlobalSection
	GlobalSection(NestedProjects) = preSolution
		{09EF21ED-A91F-48F7-B577-D5598FB837F7} = {DB2CEBBA-19F4-42D5-8EBA-CCF37573DDC3}
		{6DD58CD4-49FF-4CDB-AAF5-A4F0BA090779} = {DB2CEBBA-19F4-42D5-8EBA-CCF37573DDC3}
		{357B0128-8EFB-4C73-8899-852280148295} = {DB2CEBBA-19F4-42D5-8EBA-CCF37573DDC3}
		{7791B02F-A0A6-414E-BA78-08890A70EF4F} = {A3DD0266-0244-4691-BABD-E9D91946DAA6}
		{0581D7DD-9FFD-42E5-AAF3-068663359699} = {A3DD0266-0244-4691-BABD-E9D91946DAA6}
	EndGlobalSection
	GlobalSection(ExtensibilityGlobals) = postSolution
		SolutionGuid = {7BEB7F3F-231E-45D6-9209-778966801E69}
	EndGlobalSection
EndGlobal
